
Microsoft Visual Studio Solution File, Format Version 12.00
# Visual Studio Version 17
VisualStudioVersion = 17.12.35527.113
MinimumVisualStudioVersion = 10.0.40219.1
Project("{FAE04EC0-301F-11D3-BF4B-00C04F79EFBC}") = "LanguageModeSwitcherWpf", "LanguageModeSwitcherWpf.csproj", "{E3ACCF95-E51A-4069-84F7-A02A061B4227}"
EndProject
Project("{2150E333-8FDC-42A3-9474-1A3956D46DE8}") = "Items", "Items", "{09F1F3D4-AACC-4F6A-9434-9BE6BFAB3C5C}"
	ProjectSection(SolutionItems) = preProject
		.gitattributes = .gitattributes
		.gitignore = .gitignore
		LICENSE.txt = LICENSE.txt
		README.md = README.md
	EndProjectSection
EndProject
Project("{2150E333-8FDC-42A3-9474-1A3956D46DE8}") = "src", "src", "{C7FBDAD9-CC5B-4667-B6AB-811136729F05}"
EndProject
Global
	GlobalSection(SolutionConfigurationPlatforms) = preSolution
		Debug|Any CPU = Debug|Any CPU
		Release|Any CPU = Release|Any CPU
	EndGlobalSection
	GlobalSection(ProjectConfigurationPlatforms) = postSolution
		{E3ACCF95-E51A-4069-84F7-A02A061B4227}.Debug|Any CPU.ActiveCfg = Debug|Any CPU
		{E3ACCF95-E51A-4069-84F7-A02A061B4227}.Debug|Any CPU.Build.0 = Debug|Any CPU
		{E3ACCF95-E51A-4069-84F7-A02A061B4227}.Release|Any CPU.ActiveCfg = Release|Any CPU
		{E3ACCF95-E51A-4069-84F7-A02A061B4227}.Release|Any CPU.Build.0 = Release|Any CPU
	EndGlobalSection
	GlobalSection(SolutionProperties) = preSolution
		HideSolutionNode = FALSE
	EndGlobalSection
	GlobalSection(NestedProjects) = preSolution
		{E3ACCF95-E51A-4069-84F7-A02A061B4227} = {C7FBDAD9-CC5B-4667-B6AB-811136729F05}
	EndGlobalSection
EndGlobal
